{
  "name": "sdk-host-2.13.0",
  "version": "1.0.0",
  "lockfileVersion": 3,
  "requires": true,
  "packages": {
    "": {
      "name": "sdk-host-2.13.0",
      "version": "1.0.0",
      "license": "MIT",
      "dependencies": {
        "@superdoc/sdk": "2.13.0"
      }
    },
    "node_modules/@superdoc/sdk": {
      "version": "2.13.0",
      "resolved": "https://registry.npmjs.org/@superdoc/sdk/-/sdk-2.13.0.tgz",
      "integrity": "sha512-gGQ/AYequS26NCMgINGdPf6NuW3Io3QAQeKFNWLUc4xnZXw5wACzHho7hnBJIWVsWnWgWmFHprZbe/N8vE33HA==",
      "license": "AGPL-3.0",
      "optionalDependencies": {
        "@superdoc/sdk-darwin-arm64": "2.13.0",
        "@superdoc/sdk-darwin-x64": "2.13.0",
        "@superdoc/sdk-linux-arm64": "2.13.0",
        "@superdoc/sdk-linux-x64": "2.13.0",
        "@superdoc/sdk-windows-x64": "2.13.0"
      }
    },
    "node_modules/@superdoc/sdk-darwin-arm64": {
      "version": "2.13.0",
      "resolved": "https://registry.npmjs.org/@superdoc/sdk-darwin-arm64/-/sdk-darwin-arm64-2.13.0.tgz",
      "integrity": "sha512-UQrAsc2P5DjgofU1VnTI6dOO3Js1Gbm8YYzkRZsqz2dQY5Vfp0UgNlcd5EHNq+NO567rg5T/qzaHsDhvI5caqw==",
      "cpu": [
        "arm64"
      ],
      "license": "SEE LICENSE IN bin/LICENSES.md",
      "optional": true,
      "os": [
        "darwin"
      ],
      "bin": {
        "superdoc": "bin/superdoc"
      }
    },
    "node_modules/@superdoc/sdk-darwin-x64": {
      "version": "2.13.0",
      "resolved": "https://registry.npmjs.org/@superdoc/sdk-darwin-x64/-/sdk-darwin-x64-2.13.0.tgz",
      "integrity": "sha512-l24hDORlaXDz/qJSr0LYeLivnTdkco7rZhQXoUFKIisK6xAtf+l+jZR2fS30HRebOnat92mMGVqRp3oz1umlTg==",
      "cpu": [
        "x64"
      ],
      "license": "SEE LICENSE IN bin/LICENSES.md",
      "optional": true,
      "os": [
        "darwin"
      ],
      "bin": {
        "superdoc": "bin/superdoc"
      }
    },
    "node_modules/@superdoc/sdk-linux-arm64": {
      "version": "2.13.0",
      "resolved": "https://registry.npmjs.org/@superdoc/sdk-linux-arm64/-/sdk-linux-arm64-2.13.0.tgz",
      "integrity": "sha512-wpyiqeY09IsY1EjQd6LEmR+bfMcHO3S16Ek5p3ohIXuKYVsd38JyftD9T0V7G16E7u6ph1Ik8HrhNWnIIqDsdw==",
      "cpu": [
        "arm64"
      ],
      "license": "SEE LICENSE IN bin/LICENSES.md",
      "optional": true,
      "os": [
        "linux"
      ],
      "bin": {
        "superdoc": "bin/superdoc"
      }
    },
    "node_modules/@superdoc/sdk-linux-x64": {
      "version": "2.13.0",
      "resolved": "https://registry.npmjs.org/@superdoc/sdk-linux-x64/-/sdk-linux-x64-2.13.0.tgz",
      "integrity": "sha512-PKRY9bqlaGFyf++wZ9MbqIkZukFWoLirK+gddvvpgdk13zMnkMehL1dmJiRiAdrXJ4/iIhc6EDnxZC9M8USY3w==",
      "cpu": [
        "x64"
      ],
      "license": "SEE LICENSE IN bin/LICENSES.md",
      "optional": true,
      "os": [
        "linux"
      ],
      "bin": {
        "superdoc": "bin/superdoc"
      }
    },
    "node_modules/@superdoc/sdk-windows-x64": {
      "version": "2.13.0",
      "resolved": "https://registry.npmjs.org/@superdoc/sdk-windows-x64/-/sdk-windows-x64-2.13.0.tgz",
      "integrity": "sha512-ZekE9aaFUSlQzgeNtn4bNEZAxKMNeRJCPkkQVkCInE+XwHG6IgmJ4jARtNF4J5Qy27VoOiICUVtXhP3wX8On1w==",
      "cpu": [
        "x64"
      ],
      "license": "SEE LICENSE IN bin/LICENSES.md",
      "optional": true,
      "os": [
        "win32"
      ],
      "bin": {
        "superdoc": "bin/superdoc.exe"
      }
    }
  }
}
