{
  "name": "sdk-host-2.16.0-next.17",
  "version": "1.0.0",
  "lockfileVersion": 3,
  "requires": true,
  "packages": {
    "": {
      "name": "sdk-host-2.16.0-next.17",
      "version": "1.0.0",
      "license": "MIT",
      "dependencies": {
        "@superdoc/sdk": "2.16.0-next.17"
      }
    },
    "node_modules/@superdoc/sdk": {
      "version": "2.16.0-next.17",
      "resolved": "https://registry.npmjs.org/@superdoc/sdk/-/sdk-2.16.0-next.17.tgz",
      "integrity": "sha512-d6xrnP3OcWWQWqK6ZMR1KNCsiAOKHObkHw9wJmfbg5NewhIQmij60sYcFIjc2kVx6vALfhJC8qVaaXAwNVyh9w==",
      "license": "AGPL-3.0",
      "optionalDependencies": {
        "@superdoc/sdk-darwin-arm64": "2.16.0-next.17",
        "@superdoc/sdk-darwin-x64": "2.16.0-next.17",
        "@superdoc/sdk-linux-arm64": "2.16.0-next.17",
        "@superdoc/sdk-linux-x64": "2.16.0-next.17",
        "@superdoc/sdk-windows-x64": "2.16.0-next.17"
      }
    },
    "node_modules/@superdoc/sdk-darwin-arm64": {
      "version": "2.16.0-next.17",
      "resolved": "https://registry.npmjs.org/@superdoc/sdk-darwin-arm64/-/sdk-darwin-arm64-2.16.0-next.17.tgz",
      "integrity": "sha512-zOJ/lGMLKY7Ob5x9rLBxJNmNVu5Pda4f6Y0aMyFAVZw5VjB9ArRKDV7RbRke0hQXGHBTyIrIvW1R96eWjLwIJw==",
      "cpu": [
        "arm64"
      ],
      "license": "SEE LICENSE IN bin/LICENSES.md",
      "optional": true,
      "os": [
        "darwin"
      ],
      "bin": {
        "superdoc": "bin/superdoc"
      }
    },
    "node_modules/@superdoc/sdk-darwin-x64": {
      "version": "2.16.0-next.17",
      "resolved": "https://registry.npmjs.org/@superdoc/sdk-darwin-x64/-/sdk-darwin-x64-2.16.0-next.17.tgz",
      "integrity": "sha512-Zco+crC5T51dTl6r2GZBLdYMmbc/7JxVV65kejrkYmWpx0Ut6WRkZQ1piZ9aJIRNu9NzzXKzpREKMyHdLcM0+g==",
      "cpu": [
        "x64"
      ],
      "license": "SEE LICENSE IN bin/LICENSES.md",
      "optional": true,
      "os": [
        "darwin"
      ],
      "bin": {
        "superdoc": "bin/superdoc"
      }
    },
    "node_modules/@superdoc/sdk-linux-arm64": {
      "version": "2.16.0-next.17",
      "resolved": "https://registry.npmjs.org/@superdoc/sdk-linux-arm64/-/sdk-linux-arm64-2.16.0-next.17.tgz",
      "integrity": "sha512-BE7Itqh5hupyqjeHLjn+V9e3XGnazN3b2diacGwpUkCKHpqyBvcLD8KWgAWU7qeSbL4Piao+NMZasFnFWBUoIg==",
      "cpu": [
        "arm64"
      ],
      "license": "SEE LICENSE IN bin/LICENSES.md",
      "optional": true,
      "os": [
        "linux"
      ],
      "bin": {
        "superdoc": "bin/superdoc"
      }
    },
    "node_modules/@superdoc/sdk-linux-x64": {
      "version": "2.16.0-next.17",
      "resolved": "https://registry.npmjs.org/@superdoc/sdk-linux-x64/-/sdk-linux-x64-2.16.0-next.17.tgz",
      "integrity": "sha512-F+YXFsC9R1lHc+ABg+i307j5MLNhSRvagN7UQII1/06KQR+p6y8+4QUf6scBWv656Egz0W0KpAXdta0zCBaQ9w==",
      "cpu": [
        "x64"
      ],
      "license": "SEE LICENSE IN bin/LICENSES.md",
      "optional": true,
      "os": [
        "linux"
      ],
      "bin": {
        "superdoc": "bin/superdoc"
      }
    },
    "node_modules/@superdoc/sdk-windows-x64": {
      "version": "2.16.0-next.17",
      "resolved": "https://registry.npmjs.org/@superdoc/sdk-windows-x64/-/sdk-windows-x64-2.16.0-next.17.tgz",
      "integrity": "sha512-Egq/WGChpQzk8Va3pOT7CN3tWN6AFlSQtIUfaG54P/BJz/yGo9Ya3KUyg/hx/9iEC88uwb2lJmB3FmkhVdb7+A==",
      "cpu": [
        "x64"
      ],
      "license": "SEE LICENSE IN bin/LICENSES.md",
      "optional": true,
      "os": [
        "win32"
      ],
      "bin": {
        "superdoc": "bin/superdoc.exe"
      }
    }
  }
}
