{
  "name": "sdk-host-2.15.0",
  "version": "1.0.0",
  "lockfileVersion": 3,
  "requires": true,
  "packages": {
    "": {
      "name": "sdk-host-2.15.0",
      "version": "1.0.0",
      "license": "MIT",
      "dependencies": {
        "@superdoc/sdk": "2.15.0"
      }
    },
    "node_modules/@superdoc/sdk": {
      "version": "2.15.0",
      "resolved": "https://registry.npmjs.org/@superdoc/sdk/-/sdk-2.15.0.tgz",
      "integrity": "sha512-dJo7jQmx6WkviNga73Uw+2xkuXY5olYL1JunI1GxDXgJoEba3nM4p2Y4gpdesqIA7queZDEqPtOoWizIyKZx/Q==",
      "license": "AGPL-3.0",
      "optionalDependencies": {
        "@superdoc/sdk-darwin-arm64": "2.15.0",
        "@superdoc/sdk-darwin-x64": "2.15.0",
        "@superdoc/sdk-linux-arm64": "2.15.0",
        "@superdoc/sdk-linux-x64": "2.15.0",
        "@superdoc/sdk-windows-x64": "2.15.0"
      }
    },
    "node_modules/@superdoc/sdk-darwin-arm64": {
      "version": "2.15.0",
      "resolved": "https://registry.npmjs.org/@superdoc/sdk-darwin-arm64/-/sdk-darwin-arm64-2.15.0.tgz",
      "integrity": "sha512-kp6u+Muz7NDFgatMCmAPVRmDzZLrTa7/VzZNdkVeDOF7aMJHmrwP6/dnjNefgC7EqycINvDHr33aUPvR0IkISA==",
      "cpu": [
        "arm64"
      ],
      "license": "SEE LICENSE IN bin/LICENSES.md",
      "optional": true,
      "os": [
        "darwin"
      ],
      "bin": {
        "superdoc": "bin/superdoc"
      }
    },
    "node_modules/@superdoc/sdk-darwin-x64": {
      "version": "2.15.0",
      "resolved": "https://registry.npmjs.org/@superdoc/sdk-darwin-x64/-/sdk-darwin-x64-2.15.0.tgz",
      "integrity": "sha512-As6K+TLuPzcS+8yesfQ4S50/uXtQKbLeFItCDPdmrMo6Ullui8bVt1T0SCUE4Hp9na5EGS3jTYu1FGqukMiYcg==",
      "cpu": [
        "x64"
      ],
      "license": "SEE LICENSE IN bin/LICENSES.md",
      "optional": true,
      "os": [
        "darwin"
      ],
      "bin": {
        "superdoc": "bin/superdoc"
      }
    },
    "node_modules/@superdoc/sdk-linux-arm64": {
      "version": "2.15.0",
      "resolved": "https://registry.npmjs.org/@superdoc/sdk-linux-arm64/-/sdk-linux-arm64-2.15.0.tgz",
      "integrity": "sha512-59IkmTkRWRo180xJADyO6OkoNtyWfUHnMipfKvcQ2VADdJDSjbtG9/LAr1gA1hvGUuw9UjXzDnMrPYe9LDcdPw==",
      "cpu": [
        "arm64"
      ],
      "license": "SEE LICENSE IN bin/LICENSES.md",
      "optional": true,
      "os": [
        "linux"
      ],
      "bin": {
        "superdoc": "bin/superdoc"
      }
    },
    "node_modules/@superdoc/sdk-linux-x64": {
      "version": "2.15.0",
      "resolved": "https://registry.npmjs.org/@superdoc/sdk-linux-x64/-/sdk-linux-x64-2.15.0.tgz",
      "integrity": "sha512-cBZzzQzZwQIvK+aUavqB24rQE+VmtBYiqg7l9oCDiJanvl5M4qqOnHnR9P9o18VX6Bhv+5FXiwEcUR43lroDTQ==",
      "cpu": [
        "x64"
      ],
      "license": "SEE LICENSE IN bin/LICENSES.md",
      "optional": true,
      "os": [
        "linux"
      ],
      "bin": {
        "superdoc": "bin/superdoc"
      }
    },
    "node_modules/@superdoc/sdk-windows-x64": {
      "version": "2.15.0",
      "resolved": "https://registry.npmjs.org/@superdoc/sdk-windows-x64/-/sdk-windows-x64-2.15.0.tgz",
      "integrity": "sha512-RF2kVTHIpfi5GOIRApcJicbAjNdWBEU4ULBjDzPMiEOfAMu+XbtUI3TOBHLvR6eSxY/tD7CnjUqLgWBUcbbzdw==",
      "cpu": [
        "x64"
      ],
      "license": "SEE LICENSE IN bin/LICENSES.md",
      "optional": true,
      "os": [
        "win32"
      ],
      "bin": {
        "superdoc": "bin/superdoc.exe"
      }
    }
  }
}
